
Microsoft Visual Studio Solution File, Format Version 12.00
# Visual Studio 14
VisualStudioVersion = 14.0.24720.0
MinimumVisualStudioVersion = 10.0.40219.1
Project("{FAE04EC0-301F-11D3-BF4B-00C04F79EFBC}") = "EAFacade", "EAFacade\EAFacade.csproj", "{1AF84AD5-279F-473C-A20F-C46DCBE0D087}"
EndProject
Project("{FAE04EC0-301F-11D3-BF4B-00C04F79EFBC}") = "DecisionArchitect", "DecisionArchitect\DecisionArchitect.csproj", "{778A9A09-5030-4CC1-85A3-C7DBB053CEA2}"
EndProject
Project("{FAE04EC0-301F-11D3-BF4B-00C04F79EFBC}") = "DecisionArchitectTests", "DecisionArchitectTests\DecisionArchitectTests.csproj", "{3A028477-410E-4CFB-BCAD-3DD295E22FA7}"
EndProject
Project("{54435603-DBB4-11D2-8724-00A0C9A8B90C}") = "Setup", "Setup\Setup.vdproj", "{7662C428-9262-4AE2-8F0E-819A9C759C58}"
EndProject
Global
	GlobalSection(SolutionConfigurationPlatforms) = preSolution
		CD_ROM|Any CPU = CD_ROM|Any CPU
		Debug|Any CPU = Debug|Any CPU
		DVD-5|Any CPU = DVD-5|Any CPU
		Release|Any CPU = Release|Any CPU
		SingleImage|Any CPU = SingleImage|Any CPU
	EndGlobalSection
	GlobalSection(ProjectConfigurationPlatforms) = postSolution
		{1AF84AD5-279F-473C-A20F-C46DCBE0D087}.CD_ROM|Any CPU.ActiveCfg = Release|Any CPU
		{1AF84AD5-279F-473C-A20F-C46DCBE0D087}.CD_ROM|Any CPU.Build.0 = Release|Any CPU
		{1AF84AD5-279F-473C-A20F-C46DCBE0D087}.Debug|Any CPU.ActiveCfg = Debug|Any CPU
		{1AF84AD5-279F-473C-A20F-C46DCBE0D087}.Debug|Any CPU.Build.0 = Debug|Any CPU
		{1AF84AD5-279F-473C-A20F-C46DCBE0D087}.DVD-5|Any CPU.ActiveCfg = Debug|Any CPU
		{1AF84AD5-279F-473C-A20F-C46DCBE0D087}.DVD-5|Any CPU.Build.0 = Debug|Any CPU
		{1AF84AD5-279F-473C-A20F-C46DCBE0D087}.Release|Any CPU.ActiveCfg = Release|Any CPU
		{1AF84AD5-279F-473C-A20F-C46DCBE0D087}.Release|Any CPU.Build.0 = Release|Any CPU
		{1AF84AD5-279F-473C-A20F-C46DCBE0D087}.SingleImage|Any CPU.ActiveCfg = Release|Any CPU
		{1AF84AD5-279F-473C-A20F-C46DCBE0D087}.SingleImage|Any CPU.Build.0 = Release|Any CPU
		{778A9A09-5030-4CC1-85A3-C7DBB053CEA2}.CD_ROM|Any CPU.ActiveCfg = Release|Any CPU
		{778A9A09-5030-4CC1-85A3-C7DBB053CEA2}.CD_ROM|Any CPU.Build.0 = Release|Any CPU
		{778A9A09-5030-4CC1-85A3-C7DBB053CEA2}.Debug|Any CPU.ActiveCfg = Debug|Any CPU
		{778A9A09-5030-4CC1-85A3-C7DBB053CEA2}.Debug|Any CPU.Build.0 = Debug|Any CPU
		{778A9A09-5030-4CC1-85A3-C7DBB053CEA2}.DVD-5|Any CPU.ActiveCfg = Debug|Any CPU
		{778A9A09-5030-4CC1-85A3-C7DBB053CEA2}.DVD-5|Any CPU.Build.0 = Debug|Any CPU
		{778A9A09-5030-4CC1-85A3-C7DBB053CEA2}.Release|Any CPU.ActiveCfg = Release|Any CPU
		{778A9A09-5030-4CC1-85A3-C7DBB053CEA2}.Release|Any CPU.Build.0 = Release|Any CPU
		{778A9A09-5030-4CC1-85A3-C7DBB053CEA2}.SingleImage|Any CPU.ActiveCfg = Release|Any CPU
		{778A9A09-5030-4CC1-85A3-C7DBB053CEA2}.SingleImage|Any CPU.Build.0 = Release|Any CPU
		{3A028477-410E-4CFB-BCAD-3DD295E22FA7}.CD_ROM|Any CPU.ActiveCfg = Release|Any CPU
		{3A028477-410E-4CFB-BCAD-3DD295E22FA7}.CD_ROM|Any CPU.Build.0 = Release|Any CPU
		{3A028477-410E-4CFB-BCAD-3DD295E22FA7}.Debug|Any CPU.ActiveCfg = Debug|Any CPU
		{3A028477-410E-4CFB-BCAD-3DD295E22FA7}.Debug|Any CPU.Build.0 = Debug|Any CPU
		{3A028477-410E-4CFB-BCAD-3DD295E22FA7}.DVD-5|Any CPU.ActiveCfg = Debug|Any CPU
		{3A028477-410E-4CFB-BCAD-3DD295E22FA7}.DVD-5|Any CPU.Build.0 = Debug|Any CPU
		{3A028477-410E-4CFB-BCAD-3DD295E22FA7}.Release|Any CPU.ActiveCfg = Release|Any CPU
		{3A028477-410E-4CFB-BCAD-3DD295E22FA7}.Release|Any CPU.Build.0 = Release|Any CPU
		{3A028477-410E-4CFB-BCAD-3DD295E22FA7}.SingleImage|Any CPU.ActiveCfg = Release|Any CPU
		{3A028477-410E-4CFB-BCAD-3DD295E22FA7}.SingleImage|Any CPU.Build.0 = Release|Any CPU
		{7662C428-9262-4AE2-8F0E-819A9C759C58}.CD_ROM|Any CPU.ActiveCfg = Release
		{7662C428-9262-4AE2-8F0E-819A9C759C58}.Debug|Any CPU.ActiveCfg = Debug
		{7662C428-9262-4AE2-8F0E-819A9C759C58}.DVD-5|Any CPU.ActiveCfg = Debug
		{7662C428-9262-4AE2-8F0E-819A9C759C58}.Release|Any CPU.ActiveCfg = Release
		{7662C428-9262-4AE2-8F0E-819A9C759C58}.SingleImage|Any CPU.ActiveCfg = Release
	EndGlobalSection
	GlobalSection(SolutionProperties) = preSolution
		HideSolutionNode = FALSE
	EndGlobalSection
EndGlobal
