
Microsoft Visual Studio Solution File, Format Version 12.00
# Visual Studio 2012
Project("{FAE04EC0-301F-11D3-BF4B-00C04F79EFBC}") = "DecisionViewpoints", "DecisionViewpoints\DecisionViewpoints.csproj", "{778A9A09-5030-4CC1-85A3-C7DBB053CEA2}"
EndProject
Project("{FAE04EC0-301F-11D3-BF4B-00C04F79EFBC}") = "DecisionViewpointsTests", "DecisionViewpointsTests\DecisionViewpointsTests.csproj", "{2EFFDDA4-B70F-4A95-8F86-E4F1B6BF52BE}"
EndProject
Global
	GlobalSection(TeamFoundationVersionControl) = preSolution
		SccNumberOfProjects = 3
		SccEnterpriseProvider = {4CA58AB2-18FA-4F8D-95D4-32DDF27D184C}
		SccTeamFoundationServer = https://addin.visualstudio.com/defaultcollection
		SccLocalPath0 = .
		SccProjectUniqueName1 = DecisionViewpoints\\DecisionViewpoints.csproj
		SccProjectName1 = DecisionViewpoints
		SccLocalPath1 = DecisionViewpoints
		SccProjectUniqueName2 = DecisionViewpointsTests\\DecisionViewpointsTests.csproj
		SccProjectName2 = DecisionViewpointsTests
		SccLocalPath2 = DecisionViewpointsTests
	EndGlobalSection
	GlobalSection(SolutionConfigurationPlatforms) = preSolution
		Debug|Any CPU = Debug|Any CPU
		Release|Any CPU = Release|Any CPU
	EndGlobalSection
	GlobalSection(ProjectConfigurationPlatforms) = postSolution
		{778A9A09-5030-4CC1-85A3-C7DBB053CEA2}.Debug|Any CPU.ActiveCfg = Debug|Any CPU
		{778A9A09-5030-4CC1-85A3-C7DBB053CEA2}.Debug|Any CPU.Build.0 = Debug|Any CPU
		{778A9A09-5030-4CC1-85A3-C7DBB053CEA2}.Release|Any CPU.ActiveCfg = Release|Any CPU
		{778A9A09-5030-4CC1-85A3-C7DBB053CEA2}.Release|Any CPU.Build.0 = Release|Any CPU
		{2EFFDDA4-B70F-4A95-8F86-E4F1B6BF52BE}.Debug|Any CPU.ActiveCfg = Debug|Any CPU
		{2EFFDDA4-B70F-4A95-8F86-E4F1B6BF52BE}.Debug|Any CPU.Build.0 = Debug|Any CPU
		{2EFFDDA4-B70F-4A95-8F86-E4F1B6BF52BE}.Release|Any CPU.ActiveCfg = Release|Any CPU
		{2EFFDDA4-B70F-4A95-8F86-E4F1B6BF52BE}.Release|Any CPU.Build.0 = Release|Any CPU
	EndGlobalSection
	GlobalSection(SolutionProperties) = preSolution
		HideSolutionNode = FALSE
	EndGlobalSection
EndGlobal
